
Microsoft Visual Studio Solution File, Format Version 12.00
# Visual Studio Version 17
VisualStudioVersion = 17.11.35312.102
MinimumVisualStudioVersion = 10.0.40219.1
Project("{FAE04EC0-301F-11D3-BF4B-00C04F79EFBC}") = "CodeGenerator", "CodeGenerator\CodeGenerator.csproj", "{E7AA9CE3-E45D-48DE-A856-D7332F1D0D54}"
EndProject
Project("{FAE04EC0-301F-11D3-BF4B-00C04F79EFBC}") = "CodeGenAccess", "CodeGenAccess\CodeGenAccess.csproj", "{E4CFD7CC-00B8-41B0-A066-E2E419E9F3BC}"
EndProject
Project("{FAE04EC0-301F-11D3-BF4B-00C04F79EFBC}") = "CodeGenBuisness", "CodeGenBuisness\CodeGenBuisness.csproj", "{D5CF0466-69ED-4C2D-A116-0E18CC9F0CF2}"
EndProject
Project("{FAE04EC0-301F-11D3-BF4B-00C04F79EFBC}") = "MyC#AndSQLLib", "MyC#AndSQLLib\MyC#AndSQLLib.csproj", "{088E51B9-4052-4599-819F-6C9E00483993}"
EndProject
Global
	GlobalSection(SolutionConfigurationPlatforms) = preSolution
		Debug|Any CPU = Debug|Any CPU
		Release|Any CPU = Release|Any CPU
	EndGlobalSection
	GlobalSection(ProjectConfigurationPlatforms) = postSolution
		{E7AA9CE3-E45D-48DE-A856-D7332F1D0D54}.Debug|Any CPU.ActiveCfg = Debug|Any CPU
		{E7AA9CE3-E45D-48DE-A856-D7332F1D0D54}.Debug|Any CPU.Build.0 = Debug|Any CPU
		{E7AA9CE3-E45D-48DE-A856-D7332F1D0D54}.Release|Any CPU.ActiveCfg = Release|Any CPU
		{E7AA9CE3-E45D-48DE-A856-D7332F1D0D54}.Release|Any CPU.Build.0 = Release|Any CPU
		{E4CFD7CC-00B8-41B0-A066-E2E419E9F3BC}.Debug|Any CPU.ActiveCfg = Debug|Any CPU
		{E4CFD7CC-00B8-41B0-A066-E2E419E9F3BC}.Debug|Any CPU.Build.0 = Debug|Any CPU
		{E4CFD7CC-00B8-41B0-A066-E2E419E9F3BC}.Release|Any CPU.ActiveCfg = Release|Any CPU
		{E4CFD7CC-00B8-41B0-A066-E2E419E9F3BC}.Release|Any CPU.Build.0 = Release|Any CPU
		{D5CF0466-69ED-4C2D-A116-0E18CC9F0CF2}.Debug|Any CPU.ActiveCfg = Debug|Any CPU
		{D5CF0466-69ED-4C2D-A116-0E18CC9F0CF2}.Debug|Any CPU.Build.0 = Debug|Any CPU
		{D5CF0466-69ED-4C2D-A116-0E18CC9F0CF2}.Release|Any CPU.ActiveCfg = Release|Any CPU
		{D5CF0466-69ED-4C2D-A116-0E18CC9F0CF2}.Release|Any CPU.Build.0 = Release|Any CPU
		{088E51B9-4052-4599-819F-6C9E00483993}.Debug|Any CPU.ActiveCfg = Debug|Any CPU
		{088E51B9-4052-4599-819F-6C9E00483993}.Debug|Any CPU.Build.0 = Debug|Any CPU
		{088E51B9-4052-4599-819F-6C9E00483993}.Release|Any CPU.ActiveCfg = Release|Any CPU
		{088E51B9-4052-4599-819F-6C9E00483993}.Release|Any CPU.Build.0 = Release|Any CPU
	EndGlobalSection
	GlobalSection(SolutionProperties) = preSolution
		HideSolutionNode = FALSE
	EndGlobalSection
	GlobalSection(ExtensibilityGlobals) = postSolution
		SolutionGuid = {9ABDCB52-34D0-4669-9018-14F22BCAA7BE}
	EndGlobalSection
EndGlobal
